Microsoft Visual Studio Solution File, Format Version 12.00
# Visual Studio 2012
Project("{FAE04EC0-301F-11D3-BF4B-00C04F79EFBC}") = "Bug Nursery Tycoon", "Bug Nursery Tycoon.csproj", "{DD73BC68-EEB2-426B-BCA4-F3633F463391}"
EndProject
Global
	GlobalSection(SolutionConfigurationPlatforms) = preSolution
	Debug|Any CPU = Debug|Any CPU
	ExportDebug|Any CPU = ExportDebug|Any CPU
	ExportRelease|Any CPU = ExportRelease|Any CPU
	EndGlobalSection
	GlobalSection(ProjectConfigurationPlatforms) = postSolution
		{DD73BC68-EEB2-426B-BCA4-F3633F463391}.Debug|Any CPU.ActiveCfg = Debug|Any CPU
		{DD73BC68-EEB2-426B-BCA4-F3633F463391}.Debug|Any CPU.Build.0 = Debug|Any CPU
		{DD73BC68-EEB2-426B-BCA4-F3633F463391}.ExportDebug|Any CPU.ActiveCfg = ExportDebug|Any CPU
		{DD73BC68-EEB2-426B-BCA4-F3633F463391}.ExportDebug|Any CPU.Build.0 = ExportDebug|Any CPU
		{DD73BC68-EEB2-426B-BCA4-F3633F463391}.ExportRelease|Any CPU.ActiveCfg = ExportRelease|Any CPU
		{DD73BC68-EEB2-426B-BCA4-F3633F463391}.ExportRelease|Any CPU.Build.0 = ExportRelease|Any CPU
	EndGlobalSection
EndGlobal
